# This file is automatically @generated by Cargo.
# It is not intended for manual editing.
version = 3

[[package]]
name = "bytes"
version = "1.4.0"
source = "registry+https://github.com/rust-lang/crates.io-index"
checksum = "89b2fd2a0dcf38d7971e2194b6b6eebab45ae01067456a7fd93d5547a61b70be"

[[package]]
name = "combine"
version = "4.6.6"
source = "registry+https://github.com/rust-lang/crates.io-index"
checksum = "35ed6e9d84f0b51a7f52daf1c7d71dd136fd7a3f41a8462b8cdb8c78d920fad4"
dependencies = [
 "bytes",
 "memchr",
]

[[package]]
name = "faststr"
version = "0.2.11"
dependencies = [
 "bytes",
 "itoa",
 "redis",
 "serde",
 "static_assertions",
]

[[package]]
name = "form_urlencoded"
version = "1.2.0"
source = "registry+https://github.com/rust-lang/crates.io-index"
checksum = "a62bc1cf6f830c2ec14a513a9fb124d0a213a629668a4186f329db21fe045652"
dependencies = [
 "percent-encoding",
]

[[package]]
name = "idna"
version = "0.4.0"
source = "registry+https://github.com/rust-lang/crates.io-index"
checksum = "7d20d6b07bfbc108882d88ed8e37d39636dcc260e15e30c45e6ba089610b917c"
dependencies = [
 "unicode-bidi",
 "unicode-normalization",
]

[[package]]
name = "itoa"
version = "1.0.9"
source = "registry+https://github.com/rust-lang/crates.io-index"
checksum = "af150ab688ff2122fcef229be89cb50dd66af9e01a4ff320cc137eecc9bacc38"

[[package]]
name = "memchr"
version = "2.5.0"
source = "registry+https://github.com/rust-lang/crates.io-index"
checksum = "2dffe52ecf27772e601905b7522cb4ef790d2cc203488bbd0e2fe85fcb74566d"

[[package]]
name = "percent-encoding"
version = "2.3.0"
source = "registry+https://github.com/rust-lang/crates.io-index"
checksum = "9b2a4787296e9989611394c33f193f676704af1686e70b8f8033ab5ba9a35a94"

[[package]]
name = "redis"
version = "0.23.1"
source = "registry+https://github.com/rust-lang/crates.io-index"
checksum = "ff5d95dd18a4d76650f0c2607ed8ebdbf63baf9cb934e1c233cd220c694db1d7"
dependencies = [
 "combine",
 "itoa",
 "percent-encoding",
 "ryu",
 "url",
]

[[package]]
name = "ryu"
version = "1.0.15"
source = "registry+https://github.com/rust-lang/crates.io-index"
checksum = "1ad4cc8da4ef723ed60bced201181d83791ad433213d8c24efffda1eec85d741"

[[package]]
name = "serde"
version = "1.0.181"
source = "registry+https://github.com/rust-lang/crates.io-index"
checksum = "6d3e73c93c3240c0bda063c239298e633114c69a888c3e37ca8bb33f343e9890"

[[package]]
name = "static_assertions"
version = "1.1.0"
source = "registry+https://github.com/rust-lang/crates.io-index"
checksum = "a2eb9349b6444b326872e140eb1cf5e7c522154d69e7a0ffb0fb81c06b37543f"

[[package]]
name = "tinyvec"
version = "1.6.0"
source = "registry+https://github.com/rust-lang/crates.io-index"
checksum = "87cc5ceb3875bb20c2890005a4e226a4651264a5c75edb2421b52861a0a0cb50"
dependencies = [
 "tinyvec_macros",
]

[[package]]
name = "tinyvec_macros"
version = "0.1.1"
source = "registry+https://github.com/rust-lang/crates.io-index"
checksum = "1f3ccbac311fea05f86f61904b462b55fb3df8837a366dfc601a0161d0532f20"

[[package]]
name = "unicode-bidi"
version = "0.3.13"
source = "registry+https://github.com/rust-lang/crates.io-index"
checksum = "92888ba5573ff080736b3648696b70cafad7d250551175acbaa4e0385b3e1460"

[[package]]
name = "unicode-normalization"
version = "0.1.22"
source = "registry+https://github.com/rust-lang/crates.io-index"
checksum = "5c5713f0fc4b5db668a2ac63cdb7bb4469d8c9fed047b1d0292cc7b0ce2ba921"
dependencies = [
 "tinyvec",
]

[[package]]
name = "url"
version = "2.4.0"
source = "registry+https://github.com/rust-lang/crates.io-index"
checksum = "50bff7831e19200a85b17131d085c25d7811bc4e186efdaf54bbd132994a88cb"
dependencies = [
 "form_urlencoded",
 "idna",
 "percent-encoding",
]
